
Microsoft Visual Studio Solution File, Format Version 12.00
# Visual Studio Version 16
VisualStudioVersion = 16.0.30523.141
MinimumVisualStudioVersion = 10.0.40219.1
Project("{9A19103F-16F7-4668-BE54-9A1E7A4F7556}") = "Portable", "Custom View\Portable.csproj", "{4A0FBEE7-F2EE-4C67-B94E-BD4CE34AB007}"
EndProject
Project("{FAE04EC0-301F-11D3-BF4B-00C04F79EFBC}") = "Smile", "Smile\Smile.csproj", "{0C1C5966-3537-421A-8F50-5877442634F7}"
EndProject
Project("{FAE04EC0-301F-11D3-BF4B-00C04F79EFBC}") = "SmileIOS", "SmileIOS\SmileIOS.csproj", "{51754767-2C9B-41F6-A6C3-EEBCA03F8327}"
EndProject
Global
	GlobalSection(SolutionConfigurationPlatforms) = preSolution
		Debug|Any CPU = Debug|Any CPU
		Debug|iPhone = Debug|iPhone
		Debug|iPhoneSimulator = Debug|iPhoneSimulator
		Release|Any CPU = Release|Any CPU
		Release|iPhone = Release|iPhone
		Release|iPhoneSimulator = Release|iPhoneSimulator
	EndGlobalSection
	GlobalSection(ProjectConfigurationPlatforms) = postSolution
		{4A0FBEE7-F2EE-4C67-B94E-BD4CE34AB007}.Debug|Any CPU.ActiveCfg = Debug|Any CPU
		{4A0FBEE7-F2EE-4C67-B94E-BD4CE34AB007}.Debug|Any CPU.Build.0 = Debug|Any CPU
		{4A0FBEE7-F2EE-4C67-B94E-BD4CE34AB007}.Debug|iPhone.ActiveCfg = Debug|Any CPU
		{4A0FBEE7-F2EE-4C67-B94E-BD4CE34AB007}.Debug|iPhone.Build.0 = Debug|Any CPU
		{4A0FBEE7-F2EE-4C67-B94E-BD4CE34AB007}.Debug|iPhoneSimulator.ActiveCfg = Debug|Any CPU
		{4A0FBEE7-F2EE-4C67-B94E-BD4CE34AB007}.Debug|iPhoneSimulator.Build.0 = Debug|Any CPU
		{4A0FBEE7-F2EE-4C67-B94E-BD4CE34AB007}.Release|Any CPU.ActiveCfg = Release|Any CPU
		{4A0FBEE7-F2EE-4C67-B94E-BD4CE34AB007}.Release|Any CPU.Build.0 = Release|Any CPU
		{4A0FBEE7-F2EE-4C67-B94E-BD4CE34AB007}.Release|iPhone.ActiveCfg = Release|Any CPU
		{4A0FBEE7-F2EE-4C67-B94E-BD4CE34AB007}.Release|iPhone.Build.0 = Release|Any CPU
		{4A0FBEE7-F2EE-4C67-B94E-BD4CE34AB007}.Release|iPhoneSimulator.ActiveCfg = Release|Any CPU
		{4A0FBEE7-F2EE-4C67-B94E-BD4CE34AB007}.Release|iPhoneSimulator.Build.0 = Release|Any CPU
		{0C1C5966-3537-421A-8F50-5877442634F7}.Debug|Any CPU.ActiveCfg = Debug|Any CPU
		{0C1C5966-3537-421A-8F50-5877442634F7}.Debug|Any CPU.Build.0 = Debug|Any CPU
		{0C1C5966-3537-421A-8F50-5877442634F7}.Debug|Any CPU.Deploy.0 = Debug|Any CPU
		{0C1C5966-3537-421A-8F50-5877442634F7}.Debug|iPhone.ActiveCfg = Debug|Any CPU
		{0C1C5966-3537-421A-8F50-5877442634F7}.Debug|iPhone.Build.0 = Debug|Any CPU
		{0C1C5966-3537-421A-8F50-5877442634F7}.Debug|iPhone.Deploy.0 = Debug|Any CPU
		{0C1C5966-3537-421A-8F50-5877442634F7}.Debug|iPhoneSimulator.ActiveCfg = Debug|Any CPU
		{0C1C5966-3537-421A-8F50-5877442634F7}.Debug|iPhoneSimulator.Build.0 = Debug|Any CPU
		{0C1C5966-3537-421A-8F50-5877442634F7}.Debug|iPhoneSimulator.Deploy.0 = Debug|Any CPU
		{0C1C5966-3537-421A-8F50-5877442634F7}.Release|Any CPU.ActiveCfg = Release|Any CPU
		{0C1C5966-3537-421A-8F50-5877442634F7}.Release|Any CPU.Build.0 = Release|Any CPU
		{0C1C5966-3537-421A-8F50-5877442634F7}.Release|Any CPU.Deploy.0 = Release|Any CPU
		{0C1C5966-3537-421A-8F50-5877442634F7}.Release|iPhone.ActiveCfg = Release|Any CPU
		{0C1C5966-3537-421A-8F50-5877442634F7}.Release|iPhone.Build.0 = Release|Any CPU
		{0C1C5966-3537-421A-8F50-5877442634F7}.Release|iPhone.Deploy.0 = Release|Any CPU
		{0C1C5966-3537-421A-8F50-5877442634F7}.Release|iPhoneSimulator.ActiveCfg = Release|Any CPU
		{0C1C5966-3537-421A-8F50-5877442634F7}.Release|iPhoneSimulator.Build.0 = Release|Any CPU
		{0C1C5966-3537-421A-8F50-5877442634F7}.Release|iPhoneSimulator.Deploy.0 = Release|Any CPU
		{51754767-2C9B-41F6-A6C3-EEBCA03F8327}.Debug|Any CPU.ActiveCfg = Debug|iPhoneSimulator
		{51754767-2C9B-41F6-A6C3-EEBCA03F8327}.Debug|Any CPU.Build.0 = Debug|iPhoneSimulator
		{51754767-2C9B-41F6-A6C3-EEBCA03F8327}.Debug|iPhone.ActiveCfg = Debug|iPhone
		{51754767-2C9B-41F6-A6C3-EEBCA03F8327}.Debug|iPhone.Build.0 = Debug|iPhone
		{51754767-2C9B-41F6-A6C3-EEBCA03F8327}.Debug|iPhoneSimulator.ActiveCfg = Debug|iPhoneSimulator
		{51754767-2C9B-41F6-A6C3-EEBCA03F8327}.Debug|iPhoneSimulator.Build.0 = Debug|iPhoneSimulator
		{51754767-2C9B-41F6-A6C3-EEBCA03F8327}.Release|Any CPU.ActiveCfg = Release|iPhoneSimulator
		{51754767-2C9B-41F6-A6C3-EEBCA03F8327}.Release|Any CPU.Build.0 = Release|iPhoneSimulator
		{51754767-2C9B-41F6-A6C3-EEBCA03F8327}.Release|iPhone.ActiveCfg = Release|iPhone
		{51754767-2C9B-41F6-A6C3-EEBCA03F8327}.Release|iPhone.Build.0 = Release|iPhone
		{51754767-2C9B-41F6-A6C3-EEBCA03F8327}.Release|iPhoneSimulator.ActiveCfg = Release|iPhoneSimulator
		{51754767-2C9B-41F6-A6C3-EEBCA03F8327}.Release|iPhoneSimulator.Build.0 = Release|iPhoneSimulator
	EndGlobalSection
	GlobalSection(SolutionProperties) = preSolution
		HideSolutionNode = FALSE
	EndGlobalSection
	GlobalSection(ExtensibilityGlobals) = postSolution
		SolutionGuid = {9F7CAD3A-3C9A-488D-944F-1537A3F36FE9}
	EndGlobalSection
EndGlobal
